
Microsoft Visual Studio Solution File, Format Version 12.00
# Visual Studio Version 17
VisualStudioVersion = 17.10.35004.147
MinimumVisualStudioVersion = 10.0.40219.1
Project("{9A19103F-16F7-4668-BE54-9A1E7A4F7556}") = "Fiap.Web.Trafego", "Fiap.Web.Trafego.csproj", "{FE1E870A-7CB6-43E6-ABC7-0C51E349F2B2}"
EndProject
Project("{FAE04EC0-301F-11D3-BF4B-00C04F79EFBC}") = "Fiap.Web.Trafego.Test", "..\Fiap.Web.Transito.Test\Fiap.Web.Trafego.Test.csproj", "{B346B19D-35F6-4546-8AAB-C9BBFEBFEC5F}"
EndProject
Global
	GlobalSection(SolutionConfigurationPlatforms) = preSolution
		Debug|Any CPU = Debug|Any CPU
		Release|Any CPU = Release|Any CPU
	EndGlobalSection
	GlobalSection(ProjectConfigurationPlatforms) = postSolution
		{FE1E870A-7CB6-43E6-ABC7-0C51E349F2B2}.Debug|Any CPU.ActiveCfg = Debug|Any CPU
		{FE1E870A-7CB6-43E6-ABC7-0C51E349F2B2}.Debug|Any CPU.Build.0 = Debug|Any CPU
		{FE1E870A-7CB6-43E6-ABC7-0C51E349F2B2}.Release|Any CPU.ActiveCfg = Release|Any CPU
		{FE1E870A-7CB6-43E6-ABC7-0C51E349F2B2}.Release|Any CPU.Build.0 = Release|Any CPU
		{B346B19D-35F6-4546-8AAB-C9BBFEBFEC5F}.Debug|Any CPU.ActiveCfg = Debug|Any CPU
		{B346B19D-35F6-4546-8AAB-C9BBFEBFEC5F}.Debug|Any CPU.Build.0 = Debug|Any CPU
		{B346B19D-35F6-4546-8AAB-C9BBFEBFEC5F}.Release|Any CPU.ActiveCfg = Release|Any CPU
		{B346B19D-35F6-4546-8AAB-C9BBFEBFEC5F}.Release|Any CPU.Build.0 = Release|Any CPU
	EndGlobalSection
	GlobalSection(SolutionProperties) = preSolution
		HideSolutionNode = FALSE
	EndGlobalSection
	GlobalSection(ExtensibilityGlobals) = postSolution
		SolutionGuid = {FA5AECA2-E1F1-4593-911D-B936A91606DD}
	EndGlobalSection
EndGlobal
